{
  "name": "condor-walletconnect-bridge",
  "version": "0.1.0",
  "lockfileVersion": 3,
  "requires": true,
  "packages": {
    "": {
      "name": "condor-walletconnect-bridge",
      "version": "0.1.0",
      "dependencies": {
        "@walletconnect/sign-client": "^2.17.2",
        "viem": "^2.21.0"
      }
    },
    "node_modules/@adraffy/ens-normalize": {
      "version": "1.11.1",
      "resolved": "https://registry.npmjs.org/@adraffy/ens-normalize/-/ens-normalize-1.11.1.tgz",
      "integrity": "sha512-nhCBV3quEgesuf7c7KYfperqSS14T8bYuvJ8PcLJp6znkZpFc0AuW4qBtr8eKVyPPe/8RSr7sglCWPU5eaxwKQ==",
      "license": "MIT"
    },
    "node_modules/@msgpack/msgpack": {
      "version": "3.1.3",
      "resolved": "https://registry.npmjs.org/@msgpack/msgpack/-/msgpack-3.1.3.tgz",
      "integrity": "sha512-47XIizs9XZXvuJgoaJUIE2lFoID8ugvc0jzSHP+Ptfk8nTbnR8g788wv48N03Kx0UkAv559HWRQ3yzOgzlRNUA==",
      "license": "ISC",
      "engines": {
        "node": ">= 18"
      }
    },
    "node_modules/@noble/ciphers": {
      "version": "1.3.0",
      "resolved": "https://registry.npmjs.org/@noble/ciphers/-/ciphers-1.3.0.tgz",
      "integrity": "sha512-2I0gnIVPtfnMw9ee9h1dJG7tp81+8Ob3OJb3Mv37rx5L40/b0i7djjCVvGOVqc9AEIQyvyu1i6ypKdFw8R8gQw==",
      "license": "MIT",
      "engines": {
        "node": "^14.21.3 || >=16"
      },
      "funding": {
        "url": "https://paulmillr.com/funding/"
      }
    },
    "node_modules/@noble/curves": {
      "version": "1.8.0",
      "resolved": "https://registry.npmjs.org/@noble/curves/-/curves-1.8.0.tgz",
      "integrity": "sha512-j84kjAbzEnQHaSIhRPUmB3/eVXu2k3dKPl2LOrR8fSOIL+89U+7lV117EWHtq/GHM3ReGHM46iRBdZfpc4HRUQ==",
      "license": "MIT",
      "dependencies": {
        "@noble/hashes": "1.7.0"
      },
      "engines": {
        "node": "^14.21.3 || >=16"
      },
      "funding": {
        "url": "https://paulmillr.com/funding/"
      }
    },
    "node_modules/@noble/hashes": {
      "version": "1.7.0",
      "resolved": "https://registry.npmjs.org/@noble/hashes/-/hashes-1.7.0.tgz",
      "integrity": "sha512-HXydb0DgzTpDPwbVeDGCG1gIu7X6+AuU6Zl6av/E/KG8LMsvPntvq+w17CHRpKBmN6Ybdrt1eP3k4cj8DJa78w==",
      "license": "MIT",
      "engines": {
        "node": "^14.21.3 || >=16"
      },
      "funding": {
        "url": "https://paulmillr.com/funding/"
      }
    },
    "node_modules/@scure/base": {
      "version": "1.2.6",
      "resolved": "https://registry.npmjs.org/@scure/base/-/base-1.2.6.tgz",
      "integrity": "sha512-g/nm5FgUa//MCj1gV09zTJTaM6KBAHqLN907YVQqf7zC49+DcO4B1so4ZX07Ef10Twr6nuqYEH9GEggFXA4Fmg==",
      "license": "MIT",
      "funding": {
        "url": "https://paulmillr.com/funding/"
      }
    },
    "node_modules/@scure/bip32": {
      "version": "1.7.0",
      "resolved": "https://registry.npmjs.org/@scure/bip32/-/bip32-1.7.0.tgz",
      "integrity": "sha512-E4FFX/N3f4B80AKWp5dP6ow+flD1LQZo/w8UnLGYZO674jS6YnYeepycOOksv+vLPSpgN35wgKgy+ybfTb2SMw==",
      "license": "MIT",
      "dependencies": {
        "@noble/curves": "~1.9.0",
        "@noble/hashes": "~1.8.0",
        "@scure/base": "~1.2.5"
      },
      "funding": {
        "url": "https://paulmillr.com/funding/"
      }
    },
    "node_modules/@scure/bip32/node_modules/@noble/curves": {
      "version": "1.9.7",
      "resolved": "https://registry.npmjs.org/@noble/curves/-/curves-1.9.7.tgz",
      "integrity": "sha512-gbKGcRUYIjA3/zCCNaWDciTMFI0dCkvou3TL8Zmy5Nc7sJ47a0jtOeZoTaMxkuqRo9cRhjOdZJXegxYE5FN/xw==",
      "license": "MIT",
      "dependencies": {
        "@noble/hashes": "1.8.0"
      },
      "engines": {
        "node": "^14.21.3 || >=16"
      },
      "funding": {
        "url": "https://paulmillr.com/funding/"
      }
    },
    "node_modules/@scure/bip32/node_modules/@noble/hashes": {
      "version": "1.8.0",
      "resolved": "https://registry.npmjs.org/@noble/hashes/-/hashes-1.8.0.tgz",
      "integrity": "sha512-jCs9ldd7NwzpgXDIf6P3+NrHh9/sD6CQdxHyjQI+h/6rDNo88ypBxxz45UDuZHz9r3tNz7N/VInSVoVdtXEI4A==",
      "license": "MIT",
      "engines": {
        "node": "^14.21.3 || >=16"
      },
      "funding": {
        "url": "https://paulmillr.com/funding/"
      }
    },
    "node_modules/@scure/bip39": {
      "version": "1.6.0",
      "resolved": "https://registry.npmjs.org/@scure/bip39/-/bip39-1.6.0.tgz",
      "integrity": "sha512-+lF0BbLiJNwVlev4eKelw1WWLaiKXw7sSl8T6FvBlWkdX+94aGJ4o8XjUdlyhTCjd8c+B3KT3JfS8P0bLRNU6A==",
      "license": "MIT",
      "dependencies": {
        "@noble/hashes": "~1.8.0",
        "@scure/base": "~1.2.5"
      },
      "funding": {
        "url": "https://paulmillr.com/funding/"
      }
    },
    "node_modules/@scure/bip39/node_modules/@noble/hashes": {
      "version": "1.8.0",
      "resolved": "https://registry.npmjs.org/@noble/hashes/-/hashes-1.8.0.tgz",
      "integrity": "sha512-jCs9ldd7NwzpgXDIf6P3+NrHh9/sD6CQdxHyjQI+h/6rDNo88ypBxxz45UDuZHz9r3tNz7N/VInSVoVdtXEI4A==",
      "license": "MIT",
      "engines": {
        "node": "^14.21.3 || >=16"
      },
      "funding": {
        "url": "https://paulmillr.com/funding/"
      }
    },
    "node_modules/@walletconnect/core": {
      "version": "2.23.10",
      "resolved": "https://registry.npmjs.org/@walletconnect/core/-/core-2.23.10.tgz",
      "integrity": "sha512-Qq2btHEoCgruvkZCWLSrVsvg/dYbM9Z045qeClwhJR4meL32jbIRT0mKWjf0HkRc2LA82MsnszVnfuZl3yWl5A==",
      "license": "SEE LICENSE IN LICENSE.md",
      "dependencies": {
        "@walletconnect/heartbeat": "1.2.2",
        "@walletconnect/jsonrpc-provider": "1.0.14",
        "@walletconnect/jsonrpc-types": "1.0.4",
        "@walletconnect/jsonrpc-utils": "1.0.8",
        "@walletconnect/jsonrpc-ws-connection": "1.0.16",
        "@walletconnect/keyvaluestorage": "1.1.1",
        "@walletconnect/logger": "3.0.2",
        "@walletconnect/relay-api": "1.0.11",
        "@walletconnect/relay-auth": "1.1.0",
        "@walletconnect/safe-json": "1.0.2",
        "@walletconnect/time": "1.0.2",
        "@walletconnect/types": "2.23.10",
        "@walletconnect/utils": "2.23.10",
        "@walletconnect/window-getters": "1.0.1",
        "es-toolkit": "1.45.1",
        "events": "3.3.0",
        "uint8arrays": "3.1.1"
      },
      "engines": {
        "node": ">=18.20.8"
      }
    },
    "node_modules/@walletconnect/environment": {
      "version": "1.0.1",
      "resolved": "https://registry.npmjs.org/@walletconnect/environment/-/environment-1.0.1.tgz",
      "integrity": "sha512-T426LLZtHj8e8rYnKfzsw1aG6+M0BT1ZxayMdv/p8yM0MU+eJDISqNY3/bccxRr4LrF9csq02Rhqt08Ibl0VRg==",
      "license": "MIT",
      "dependencies": {
        "tslib": "1.14.1"
      }
    },
    "node_modules/@walletconnect/events": {
      "version": "1.0.1",
      "resolved": "https://registry.npmjs.org/@walletconnect/events/-/events-1.0.1.tgz",
      "integrity": "sha512-NPTqaoi0oPBVNuLv7qPaJazmGHs5JGyO8eEAk5VGKmJzDR7AHzD4k6ilox5kxk1iwiOnFopBOOMLs86Oa76HpQ==",
      "license": "MIT",
      "dependencies": {
        "keyvaluestorage-interface": "^1.0.0",
        "tslib": "1.14.1"
      }
    },
    "node_modules/@walletconnect/heartbeat": {
      "version": "1.2.2",
      "resolved": "https://registry.npmjs.org/@walletconnect/heartbeat/-/heartbeat-1.2.2.tgz",
      "integrity": "sha512-uASiRmC5MwhuRuf05vq4AT48Pq8RMi876zV8rr8cV969uTOzWdB/k+Lj5yI2PBtB1bGQisGen7MM1GcZlQTBXw==",
      "license": "MIT",
      "dependencies": {
        "@walletconnect/events": "^1.0.1",
        "@walletconnect/time": "^1.0.2",
        "events": "^3.3.0"
      }
    },
    "node_modules/@walletconnect/jsonrpc-provider": {
      "version": "1.0.14",
      "resolved": "https://registry.npmjs.org/@walletconnect/jsonrpc-provider/-/jsonrpc-provider-1.0.14.tgz",
      "integrity": "sha512-rtsNY1XqHvWj0EtITNeuf8PHMvlCLiS3EjQL+WOkxEOA4KPxsohFnBDeyPYiNm4ZvkQdLnece36opYidmtbmow==",
      "license": "MIT",
      "dependencies": {
        "@walletconnect/jsonrpc-utils": "^1.0.8",
        "@walletconnect/safe-json": "^1.0.2",
        "events": "^3.3.0"
      }
    },
    "node_modules/@walletconnect/jsonrpc-types": {
      "version": "1.0.4",
      "resolved": "https://registry.npmjs.org/@walletconnect/jsonrpc-types/-/jsonrpc-types-1.0.4.tgz",
      "integrity": "sha512-P6679fG/M+wuWg9TY8mh6xFSdYnFyFjwFelxyISxMDrlbXokorEVXYOxiqEbrU3x1BmBoCAJJ+vtEaEoMlpCBQ==",
      "license": "MIT",
      "dependencies": {
        "events": "^3.3.0",
        "keyvaluestorage-interface": "^1.0.0"
      }
    },
    "node_modules/@walletconnect/jsonrpc-utils": {
      "version": "1.0.8",
      "resolved": "https://registry.npmjs.org/@walletconnect/jsonrpc-utils/-/jsonrpc-utils-1.0.8.tgz",
      "integrity": "sha512-vdeb03bD8VzJUL6ZtzRYsFMq1eZQcM3EAzT0a3st59dyLfJ0wq+tKMpmGH7HlB7waD858UWgfIcudbPFsbzVdw==",
      "license": "MIT",
      "dependencies": {
        "@walletconnect/environment": "^1.0.1",
        "@walletconnect/jsonrpc-types": "^1.0.3",
        "tslib": "1.14.1"
      }
    },
    "node_modules/@walletconnect/jsonrpc-ws-connection": {
      "version": "1.0.16",
      "resolved": "https://registry.npmjs.org/@walletconnect/jsonrpc-ws-connection/-/jsonrpc-ws-connection-1.0.16.tgz",
      "integrity": "sha512-G81JmsMqh5nJheE1mPst1W0WfVv0SG3N7JggwLLGnI7iuDZJq8cRJvQwLGKHn5H1WTW7DEPCo00zz5w62AbL3Q==",
      "license": "MIT",
      "dependencies": {
        "@walletconnect/jsonrpc-utils": "^1.0.6",
        "@walletconnect/safe-json": "^1.0.2",
        "events": "^3.3.0",
        "ws": "^7.5.1"
      }
    },
    "node_modules/@walletconnect/keyvaluestorage": {
      "version": "1.1.1",
      "resolved": "https://registry.npmjs.org/@walletconnect/keyvaluestorage/-/keyvaluestorage-1.1.1.tgz",
      "integrity": "sha512-V7ZQq2+mSxAq7MrRqDxanTzu2RcElfK1PfNYiaVnJgJ7Q7G7hTVwF8voIBx92qsRyGHZihrwNPHuZd1aKkd0rA==",
      "license": "MIT",
      "dependencies": {
        "@walletconnect/safe-json": "^1.0.1",
        "idb-keyval": "^6.2.1",
        "unstorage": "^1.9.0"
      },
      "peerDependencies": {
        "@react-native-async-storage/async-storage": "1.x"
      },
      "peerDependenciesMeta": {
        "@react-native-async-storage/async-storage": {
          "optional": true
        }
      }
    },
    "node_modules/@walletconnect/keyvaluestorage/node_modules/unstorage": {
      "version": "1.17.5",
      "resolved": "https://registry.npmjs.org/unstorage/-/unstorage-1.17.5.tgz",
      "integrity": "sha512-0i3iqvRfx29hkNntHyQvJTpf5W9dQ9ZadSoRU8+xVlhVtT7jAX57fazYO9EHvcRCfBCyi5YRya7XCDOsbTgkPg==",
      "license": "MIT",
      "dependencies": {
        "anymatch": "^3.1.3",
        "chokidar": "^5.0.0",
        "destr": "^2.0.5",
        "h3": "^1.15.10",
        "lru-cache": "^11.2.7",
        "node-fetch-native": "^1.6.7",
        "ofetch": "^1.5.1",
        "ufo": "^1.6.3"
      },
      "peerDependencies": {
        "@azure/app-configuration": "^1.8.0",
        "@azure/cosmos": "^4.2.0",
        "@azure/data-tables": "^13.3.0",
        "@azure/identity": "^4.6.0",
        "@azure/keyvault-secrets": "^4.9.0",
        "@azure/storage-blob": "^12.26.0",
        "@capacitor/preferences": "^6 || ^7 || ^8",
        "@deno/kv": ">=0.9.0",
        "@netlify/blobs": "^6.5.0 || ^7.0.0 || ^8.1.0 || ^9.0.0 || ^10.0.0",
        "@planetscale/database": "^1.19.0",
        "@upstash/redis": "^1.34.3",
        "@vercel/blob": ">=0.27.1",
        "@vercel/functions": "^2.2.12 || ^3.0.0",
        "@vercel/kv": "^1 || ^2 || ^3",
        "aws4fetch": "^1.0.20",
        "db0": ">=0.2.1",
        "idb-keyval": "^6.2.1",
        "ioredis": "^5.4.2",
        "uploadthing": "^7.4.4"
      },
      "peerDependenciesMeta": {
        "@azure/app-configuration": {
          "optional": true
        },
        "@azure/cosmos": {
          "optional": true
        },
        "@azure/data-tables": {
          "optional": true
        },
        "@azure/identity": {
          "optional": true
        },
        "@azure/keyvault-secrets": {
          "optional": true
        },
        "@azure/storage-blob": {
          "optional": true
        },
        "@capacitor/preferences": {
          "optional": true
        },
        "@deno/kv": {
          "optional": true
        },
        "@netlify/blobs": {
          "optional": true
        },
        "@planetscale/database": {
          "optional": true
        },
        "@upstash/redis": {
          "optional": true
        },
        "@vercel/blob": {
          "optional": true
        },
        "@vercel/functions": {
          "optional": true
        },
        "@vercel/kv": {
          "optional": true
        },
        "aws4fetch": {
          "optional": true
        },
        "db0": {
          "optional": true
        },
        "idb-keyval": {
          "optional": true
        },
        "ioredis": {
          "optional": true
        },
        "uploadthing": {
          "optional": true
        }
      }
    },
    "node_modules/@walletconnect/logger": {
      "version": "3.0.2",
      "resolved": "https://registry.npmjs.org/@walletconnect/logger/-/logger-3.0.2.tgz",
      "integrity": "sha512-7wR3wAwJTOmX4gbcUZcFMov8fjftY05+5cO/d4cpDD8wDzJ+cIlKdYOXaXfxHLSYeDazMXIsxMYjHYVDfkx+nA==",
      "license": "MIT",
      "dependencies": {
        "@walletconnect/safe-json": "^1.0.2",
        "pino": "10.0.0"
      }
    },
    "node_modules/@walletconnect/relay-api": {
      "version": "1.0.11",
      "resolved": "https://registry.npmjs.org/@walletconnect/relay-api/-/relay-api-1.0.11.tgz",
      "integrity": "sha512-tLPErkze/HmC9aCmdZOhtVmYZq1wKfWTJtygQHoWtgg722Jd4homo54Cs4ak2RUFUZIGO2RsOpIcWipaua5D5Q==",
      "license": "MIT",
      "dependencies": {
        "@walletconnect/jsonrpc-types": "^1.0.2"
      }
    },
    "node_modules/@walletconnect/relay-auth": {
      "version": "1.1.0",
      "resolved": "https://registry.npmjs.org/@walletconnect/relay-auth/-/relay-auth-1.1.0.tgz",
      "integrity": "sha512-qFw+a9uRz26jRCDgL7Q5TA9qYIgcNY8jpJzI1zAWNZ8i7mQjaijRnWFKsCHAU9CyGjvt6RKrRXyFtFOpWTVmCQ==",
      "license": "MIT",
      "dependencies": {
        "@noble/curves": "1.8.0",
        "@noble/hashes": "1.7.0",
        "@walletconnect/safe-json": "^1.0.1",
        "@walletconnect/time": "^1.0.2",
        "uint8arrays": "^3.0.0"
      }
    },
    "node_modules/@walletconnect/safe-json": {
      "version": "1.0.2",
      "resolved": "https://registry.npmjs.org/@walletconnect/safe-json/-/safe-json-1.0.2.tgz",
      "integrity": "sha512-Ogb7I27kZ3LPC3ibn8ldyUr5544t3/STow9+lzz7Sfo808YD7SBWk7SAsdBFlYgP2zDRy2hS3sKRcuSRM0OTmA==",
      "license": "MIT",
      "dependencies": {
        "tslib": "1.14.1"
      }
    },
    "node_modules/@walletconnect/sign-client": {
      "version": "2.23.10",
      "resolved": "https://registry.npmjs.org/@walletconnect/sign-client/-/sign-client-2.23.10.tgz",
      "integrity": "sha512-vO7DGRRmKo+rykmjVyQR1aM4I2nbk9kJ6olbxgjFRR6Jdhy+Kz+zgN7Ce5xVhPfWYVu4bV/XhOQxhvnQw7S5ng==",
      "license": "SEE LICENSE IN LICENSE.md",
      "dependencies": {
        "@walletconnect/core": "2.23.10",
        "@walletconnect/jsonrpc-utils": "1.0.8",
        "@walletconnect/logger": "3.0.2",
        "@walletconnect/time": "1.0.2",
        "@walletconnect/types": "2.23.10",
        "@walletconnect/utils": "2.23.10",
        "events": "3.3.0"
      }
    },
    "node_modules/@walletconnect/time": {
      "version": "1.0.2",
      "resolved": "https://registry.npmjs.org/@walletconnect/time/-/time-1.0.2.tgz",
      "integrity": "sha512-uzdd9woDcJ1AaBZRhqy5rNC9laqWGErfc4dxA9a87mPdKOgWMD85mcFo9dIYIts/Jwocfwn07EC6EzclKubk/g==",
      "license": "MIT",
      "dependencies": {
        "tslib": "1.14.1"
      }
    },
    "node_modules/@walletconnect/types": {
      "version": "2.23.10",
      "resolved": "https://registry.npmjs.org/@walletconnect/types/-/types-2.23.10.tgz",
      "integrity": "sha512-XP8d41979anTrc1OJF3ISF+g81cvp1wim+ObdNnbcaT/jhwLwv+0T7rRe9VwRv+h8EaRgLyeb5YGy7oJ49vxVg==",
      "license": "SEE LICENSE IN LICENSE.md",
      "dependencies": {
        "@walletconnect/events": "1.0.1",
        "@walletconnect/heartbeat": "1.2.2",
        "@walletconnect/jsonrpc-types": "1.0.4",
        "@walletconnect/keyvaluestorage": "1.1.1",
        "@walletconnect/logger": "3.0.2",
        "events": "3.3.0"
      }
    },
    "node_modules/@walletconnect/utils": {
      "version": "2.23.10",
      "resolved": "https://registry.npmjs.org/@walletconnect/utils/-/utils-2.23.10.tgz",
      "integrity": "sha512-b1c9FRF2g7vNnz66oLW5WZD2VCMrbu9xhpmwJJwqGarBiGW7cY8NbUtS9/w2/qc0vsBVKJ/bzDn4TGjpELU6aQ==",
      "license": "SEE LICENSE IN LICENSE.md",
      "dependencies": {
        "@msgpack/msgpack": "3.1.3",
        "@noble/ciphers": "1.3.0",
        "@noble/curves": "1.9.7",
        "@noble/hashes": "1.8.0",
        "@scure/base": "1.2.6",
        "@walletconnect/jsonrpc-utils": "1.0.8",
        "@walletconnect/keyvaluestorage": "1.1.1",
        "@walletconnect/logger": "3.0.2",
        "@walletconnect/relay-api": "1.0.11",
        "@walletconnect/relay-auth": "1.1.0",
        "@walletconnect/safe-json": "1.0.2",
        "@walletconnect/time": "1.0.2",
        "@walletconnect/types": "2.23.10",
        "@walletconnect/window-getters": "1.0.1",
        "@walletconnect/window-metadata": "1.0.1",
        "blakejs": "1.2.1",
        "detect-browser": "5.3.0",
        "ox": "0.9.3",
        "uint8arrays": "3.1.1"
      }
    },
    "node_modules/@walletconnect/utils/node_modules/@noble/curves": {
      "version": "1.9.7",
      "resolved": "https://registry.npmjs.org/@noble/curves/-/curves-1.9.7.tgz",
      "integrity": "sha512-gbKGcRUYIjA3/zCCNaWDciTMFI0dCkvou3TL8Zmy5Nc7sJ47a0jtOeZoTaMxkuqRo9cRhjOdZJXegxYE5FN/xw==",
      "license": "MIT",
      "dependencies": {
        "@noble/hashes": "1.8.0"
      },
      "engines": {
        "node": "^14.21.3 || >=16"
      },
      "funding": {
        "url": "https://paulmillr.com/funding/"
      }
    },
    "node_modules/@walletconnect/utils/node_modules/@noble/hashes": {
      "version": "1.8.0",
      "resolved": "https://registry.npmjs.org/@noble/hashes/-/hashes-1.8.0.tgz",
      "integrity": "sha512-jCs9ldd7NwzpgXDIf6P3+NrHh9/sD6CQdxHyjQI+h/6rDNo88ypBxxz45UDuZHz9r3tNz7N/VInSVoVdtXEI4A==",
      "license": "MIT",
      "engines": {
        "node": "^14.21.3 || >=16"
      },
      "funding": {
        "url": "https://paulmillr.com/funding/"
      }
    },
    "node_modules/@walletconnect/window-getters": {
      "version": "1.0.1",
      "resolved": "https://registry.npmjs.org/@walletconnect/window-getters/-/window-getters-1.0.1.tgz",
      "integrity": "sha512-vHp+HqzGxORPAN8gY03qnbTMnhqIwjeRJNOMOAzePRg4xVEEE2WvYsI9G2NMjOknA8hnuYbU3/hwLcKbjhc8+Q==",
      "license": "MIT",
      "dependencies": {
        "tslib": "1.14.1"
      }
    },
    "node_modules/@walletconnect/window-metadata": {
      "version": "1.0.1",
      "resolved": "https://registry.npmjs.org/@walletconnect/window-metadata/-/window-metadata-1.0.1.tgz",
      "integrity": "sha512-9koTqyGrM2cqFRW517BPY/iEtUDx2r1+Pwwu5m7sJ7ka79wi3EyqhqcICk/yDmv6jAS1rjKgTKXlEhanYjijcA==",
      "license": "MIT",
      "dependencies": {
        "@walletconnect/window-getters": "^1.0.1",
        "tslib": "1.14.1"
      }
    },
    "node_modules/abitype": {
      "version": "1.2.4",
      "resolved": "https://registry.npmjs.org/abitype/-/abitype-1.2.4.tgz",
      "integrity": "sha512-dpKH+N27vRjarMVTFFkeY445VTKftzGWpL0FiT7xmVmzQRKazZexzC5uHG0f6XKsVLAuUlndnbGau6lRejClxg==",
      "license": "MIT",
      "funding": {
        "url": "https://github.com/sponsors/wevm"
      },
      "peerDependencies": {
        "typescript": ">=5.0.4",
        "zod": "^3.22.0 || ^4.0.0"
      },
      "peerDependenciesMeta": {
        "typescript": {
          "optional": true
        },
        "zod": {
          "optional": true
        }
      }
    },
    "node_modules/anymatch": {
      "version": "3.1.3",
      "resolved": "https://registry.npmjs.org/anymatch/-/anymatch-3.1.3.tgz",
      "integrity": "sha512-KMReFUr0B4t+D+OBkjR3KYqvocp2XaSzO55UcB6mgQMd3KbcE+mWTyvVV7D/zsdEbNnV6acZUutkiHQXvTr1Rw==",
      "license": "ISC",
      "dependencies": {
        "normalize-path": "^3.0.0",
        "picomatch": "^2.0.4"
      },
      "engines": {
        "node": ">= 8"
      }
    },
    "node_modules/atomic-sleep": {
      "version": "1.0.0",
      "resolved": "https://registry.npmjs.org/atomic-sleep/-/atomic-sleep-1.0.0.tgz",
      "integrity": "sha512-kNOjDqAh7px0XWNI+4QbzoiR/nTkHAWNud2uvnJquD1/x5a7EQZMJT0AczqK0Qn67oY/TTQ1LbUKajZpp3I9tQ==",
      "license": "MIT",
      "engines": {
        "node": ">=8.0.0"
      }
    },
    "node_modules/blakejs": {
      "version": "1.2.1",
      "resolved": "https://registry.npmjs.org/blakejs/-/blakejs-1.2.1.tgz",
      "integrity": "sha512-QXUSXI3QVc/gJME0dBpXrag1kbzOqCjCX8/b54ntNyW6sjtoqxqRk3LTmXzaJoh71zMsDCjM+47jS7XiwN/+fQ==",
      "license": "MIT"
    },
    "node_modules/chokidar": {
      "version": "5.0.0",
      "resolved": "https://registry.npmjs.org/chokidar/-/chokidar-5.0.0.tgz",
      "integrity": "sha512-TQMmc3w+5AxjpL8iIiwebF73dRDF4fBIieAqGn9RGCWaEVwQ6Fb2cGe31Yns0RRIzii5goJ1Y7xbMwo1TxMplw==",
      "license": "MIT",
      "dependencies": {
        "readdirp": "^5.0.0"
      },
      "engines": {
        "node": ">= 20.19.0"
      },
      "funding": {
        "url": "https://paulmillr.com/funding/"
      }
    },
    "node_modules/cookie-es": {
      "version": "1.2.3",
      "resolved": "https://registry.npmjs.org/cookie-es/-/cookie-es-1.2.3.tgz",
      "integrity": "sha512-lXVyvUvrNXblMqzIRrxHb57UUVmqsSWlxqt3XIjCkUP0wDAf6uicO6KMbEgYrMNtEvWgWHwe42CKxPu9MYAnWw==",
      "license": "MIT"
    },
    "node_modules/crossws": {
      "version": "0.3.5",
      "resolved": "https://registry.npmjs.org/crossws/-/crossws-0.3.5.tgz",
      "integrity": "sha512-ojKiDvcmByhwa8YYqbQI/hg7MEU0NC03+pSdEq4ZUnZR9xXpwk7E43SMNGkn+JxJGPFtNvQ48+vV2p+P1ml5PA==",
      "license": "MIT",
      "dependencies": {
        "uncrypto": "^0.1.3"
      }
    },
    "node_modules/defu": {
      "version": "6.1.7",
      "resolved": "https://registry.npmjs.org/defu/-/defu-6.1.7.tgz",
      "integrity": "sha512-7z22QmUWiQ/2d0KkdYmANbRUVABpZ9SNYyH5vx6PZ+nE5bcC0l7uFvEfHlyld/HcGBFTL536ClDt3DEcSlEJAQ==",
      "license": "MIT"
    },
    "node_modules/destr": {
      "version": "2.0.5",
      "resolved": "https://registry.npmjs.org/destr/-/destr-2.0.5.tgz",
      "integrity": "sha512-ugFTXCtDZunbzasqBxrK93Ik/DRYsO6S/fedkWEMKqt04xZ4csmnmwGDBAb07QWNaGMAmnTIemsYZCksjATwsA==",
      "license": "MIT"
    },
    "node_modules/detect-browser": {
      "version": "5.3.0",
      "resolved": "https://registry.npmjs.org/detect-browser/-/detect-browser-5.3.0.tgz",
      "integrity": "sha512-53rsFbGdwMwlF7qvCt0ypLM5V5/Mbl0szB7GPN8y9NCcbknYOeVVXdrXEq+90IwAfrrzt6Hd+u2E2ntakICU8w==",
      "license": "MIT"
    },
    "node_modules/es-toolkit": {
      "version": "1.45.1",
      "resolved": "https://registry.npmjs.org/es-toolkit/-/es-toolkit-1.45.1.tgz",
      "integrity": "sha512-/jhoOj/Fx+A+IIyDNOvO3TItGmlMKhtX8ISAHKE90c4b/k1tqaqEZ+uUqfpU8DMnW5cgNJv606zS55jGvza0Xw==",
      "license": "MIT",
      "workspaces": [
        "docs",
        "benchmarks"
      ]
    },
    "node_modules/eventemitter3": {
      "version": "5.0.1",
      "resolved": "https://registry.npmjs.org/eventemitter3/-/eventemitter3-5.0.1.tgz",
      "integrity": "sha512-GWkBvjiSZK87ELrYOSESUYeVIc9mvLLf/nXalMOS5dYrgZq9o5OVkbZAVM06CVxYsCwH9BDZFPlQTlPA1j4ahA==",
      "license": "MIT"
    },
    "node_modules/events": {
      "version": "3.3.0",
      "resolved": "https://registry.npmjs.org/events/-/events-3.3.0.tgz",
      "integrity": "sha512-mQw+2fkQbALzQ7V0MY0IqdnXNOeTtP4r0lN9z7AAawCXgqea7bDii20AYrIBrFd/Hx0M2Ocz6S111CaFkUcb0Q==",
      "license": "MIT",
      "engines": {
        "node": ">=0.8.x"
      }
    },
    "node_modules/h3": {
      "version": "1.15.11",
      "resolved": "https://registry.npmjs.org/h3/-/h3-1.15.11.tgz",
      "integrity": "sha512-L3THSe2MPeBwgIZVSH5zLdBBU90TOxarvhK9d04IDY2AmVS8j2Jz2LIWtwsGOU3lu2I5jCN7FNvVfY2+XyF+mg==",
      "license": "MIT",
      "dependencies": {
        "cookie-es": "^1.2.3",
        "crossws": "^0.3.5",
        "defu": "^6.1.6",
        "destr": "^2.0.5",
        "iron-webcrypto": "^1.2.1",
        "node-mock-http": "^1.0.4",
        "radix3": "^1.1.2",
        "ufo": "^1.6.3",
        "uncrypto": "^0.1.3"
      }
    },
    "node_modules/idb-keyval": {
      "version": "6.3.0",
      "resolved": "https://registry.npmjs.org/idb-keyval/-/idb-keyval-6.3.0.tgz",
      "integrity": "sha512-um+2dgAWmYsu615EXpWVwSmapJhON0G43t3Ka/EVaohzPQXSMqKEqeDK/oIW3Ow+BXaF2PvSc+oBTFp793A5Ow==",
      "license": "Apache-2.0"
    },
    "node_modules/iron-webcrypto": {
      "version": "1.2.1",
      "resolved": "https://registry.npmjs.org/iron-webcrypto/-/iron-webcrypto-1.2.1.tgz",
      "integrity": "sha512-feOM6FaSr6rEABp/eDfVseKyTMDt+KGpeB35SkVn9Tyn0CqvVsY3EwI0v5i8nMHyJnzCIQf7nsy3p41TPkJZhg==",
      "license": "MIT",
      "funding": {
        "url": "https://github.com/sponsors/brc-dd"
      }
    },
    "node_modules/isows": {
      "version": "1.0.7",
      "resolved": "https://registry.npmjs.org/isows/-/isows-1.0.7.tgz",
      "integrity": "sha512-I1fSfDCZL5P0v33sVqeTDSpcstAg/N+wF5HS033mogOVIp4B+oHC7oOCsA3axAbBSGTJ8QubbNmnIRN/h8U7hg==",
      "funding": [
        {
          "type": "github",
          "url": "https://github.com/sponsors/wevm"
        }
      ],
      "license": "MIT",
      "peerDependencies": {
        "ws": "*"
      }
    },
    "node_modules/keyvaluestorage-interface": {
      "version": "1.0.0",
      "resolved": "https://registry.npmjs.org/keyvaluestorage-interface/-/keyvaluestorage-interface-1.0.0.tgz",
      "integrity": "sha512-8t6Q3TclQ4uZynJY9IGr2+SsIGwK9JHcO6ootkHCGA0CrQCRy+VkouYNO2xicET6b9al7QKzpebNow+gkpCL8g==",
      "license": "MIT"
    },
    "node_modules/lru-cache": {
      "version": "11.5.2",
      "resolved": "https://registry.npmjs.org/lru-cache/-/lru-cache-11.5.2.tgz",
      "integrity": "sha512-4pfM1Ff0x50o0tQwb5ucw/RzNyD0/YJME6IVcStalZuMWxdt3sR3huStTtxz4PUmvZfRguvDejasvQ2kifR11g==",
      "license": "BlueOak-1.0.0",
      "engines": {
        "node": "20 || >=22"
      }
    },
    "node_modules/multiformats": {
      "version": "9.9.0",
      "resolved": "https://registry.npmjs.org/multiformats/-/multiformats-9.9.0.tgz",
      "integrity": "sha512-HoMUjhH9T8DDBNT+6xzkrd9ga/XiBI4xLr58LJACwK6G3HTOPeMz4nB4KJs33L2BelrIJa7P0VuNaVF3hMYfjg==",
      "license": "(Apache-2.0 AND MIT)"
    },
    "node_modules/node-fetch-native": {
      "version": "1.6.7",
      "resolved": "https://registry.npmjs.org/node-fetch-native/-/node-fetch-native-1.6.7.tgz",
      "integrity": "sha512-g9yhqoedzIUm0nTnTqAQvueMPVOuIY16bqgAJJC8XOOubYFNwz6IER9qs0Gq2Xd0+CecCKFjtdDTMA4u4xG06Q==",
      "license": "MIT"
    },
    "node_modules/node-mock-http": {
      "version": "1.0.4",
      "resolved": "https://registry.npmjs.org/node-mock-http/-/node-mock-http-1.0.4.tgz",
      "integrity": "sha512-8DY+kFsDkNXy1sJglUfuODx1/opAGJGyrTuFqEoN90oRc2Vk0ZbD4K2qmKXBBEhZQzdKHIVfEJpDU8Ak2NJEvQ==",
      "license": "MIT"
    },
    "node_modules/normalize-path": {
      "version": "3.0.0",
      "resolved": "https://registry.npmjs.org/normalize-path/-/normalize-path-3.0.0.tgz",
      "integrity": "sha512-6eZs5Ls3WtCisHWp9S2GUy8dqkpGi4BVSz3GaqiE6ezub0512ESztXUwUB6C6IKbQkY2Pnb/mD4WYojCRwcwLA==",
      "license": "MIT",
      "engines": {
        "node": ">=0.10.0"
      }
    },
    "node_modules/ofetch": {
      "version": "1.5.1",
      "resolved": "https://registry.npmjs.org/ofetch/-/ofetch-1.5.1.tgz",
      "integrity": "sha512-2W4oUZlVaqAPAil6FUg/difl6YhqhUR7x2eZY4bQCko22UXg3hptq9KLQdqFClV+Wu85UX7hNtdGTngi/1BxcA==",
      "license": "MIT",
      "dependencies": {
        "destr": "^2.0.5",
        "node-fetch-native": "^1.6.7",
        "ufo": "^1.6.1"
      }
    },
    "node_modules/on-exit-leak-free": {
      "version": "2.1.2",
      "resolved": "https://registry.npmjs.org/on-exit-leak-free/-/on-exit-leak-free-2.1.2.tgz",
      "integrity": "sha512-0eJJY6hXLGf1udHwfNftBqH+g73EU4B504nZeKpz1sYRKafAghwxEJunB2O7rDZkL4PGfsMVnTXZ2EjibbqcsA==",
      "license": "MIT",
      "engines": {
        "node": ">=14.0.0"
      }
    },
    "node_modules/ox": {
      "version": "0.9.3",
      "resolved": "https://registry.npmjs.org/ox/-/ox-0.9.3.tgz",
      "integrity": "sha512-KzyJP+fPV4uhuuqrTZyok4DC7vFzi7HLUFiUNEmpbyh59htKWkOC98IONC1zgXJPbHAhQgqs6B0Z6StCGhmQvg==",
      "funding": [
        {
          "type": "github",
          "url": "https://github.com/sponsors/wevm"
        }
      ],
      "license": "MIT",
      "dependencies": {
        "@adraffy/ens-normalize": "^1.11.0",
        "@noble/ciphers": "^1.3.0",
        "@noble/curves": "1.9.1",
        "@noble/hashes": "^1.8.0",
        "@scure/bip32": "^1.7.0",
        "@scure/bip39": "^1.6.0",
        "abitype": "^1.0.9",
        "eventemitter3": "5.0.1"
      },
      "peerDependencies": {
        "typescript": ">=5.4.0"
      },
      "peerDependenciesMeta": {
        "typescript": {
          "optional": true
        }
      }
    },
    "node_modules/ox/node_modules/@noble/curves": {
      "version": "1.9.1",
      "resolved": "https://registry.npmjs.org/@noble/curves/-/curves-1.9.1.tgz",
      "integrity": "sha512-k11yZxZg+t+gWvBbIswW0yoJlu8cHOC7dhunwOzoWH/mXGBiYyR4YY6hAEK/3EUs4UpB8la1RfdRpeGsFHkWsA==",
      "license": "MIT",
      "dependencies": {
        "@noble/hashes": "1.8.0"
      },
      "engines": {
        "node": "^14.21.3 || >=16"
      },
      "funding": {
        "url": "https://paulmillr.com/funding/"
      }
    },
    "node_modules/ox/node_modules/@noble/hashes": {
      "version": "1.8.0",
      "resolved": "https://registry.npmjs.org/@noble/hashes/-/hashes-1.8.0.tgz",
      "integrity": "sha512-jCs9ldd7NwzpgXDIf6P3+NrHh9/sD6CQdxHyjQI+h/6rDNo88ypBxxz45UDuZHz9r3tNz7N/VInSVoVdtXEI4A==",
      "license": "MIT",
      "engines": {
        "node": "^14.21.3 || >=16"
      },
      "funding": {
        "url": "https://paulmillr.com/funding/"
      }
    },
    "node_modules/picomatch": {
      "version": "2.3.2",
      "resolved": "https://registry.npmjs.org/picomatch/-/picomatch-2.3.2.tgz",
      "integrity": "sha512-V7+vQEJ06Z+c5tSye8S+nHUfI51xoXIXjHQ99cQtKUkQqqO1kO/KCJUfZXuB47h/YBlDhah2H3hdUGXn8ie0oA==",
      "license": "MIT",
      "engines": {
        "node": ">=8.6"
      },
      "funding": {
        "url": "https://github.com/sponsors/jonschlinkert"
      }
    },
    "node_modules/pino": {
      "version": "10.0.0",
      "resolved": "https://registry.npmjs.org/pino/-/pino-10.0.0.tgz",
      "integrity": "sha512-eI9pKwWEix40kfvSzqEP6ldqOoBIN7dwD/o91TY5z8vQI12sAffpR/pOqAD1IVVwIVHDpHjkq0joBPdJD0rafA==",
      "license": "MIT",
      "dependencies": {
        "atomic-sleep": "^1.0.0",
        "on-exit-leak-free": "^2.1.0",
        "pino-abstract-transport": "^2.0.0",
        "pino-std-serializers": "^7.0.0",
        "process-warning": "^5.0.0",
        "quick-format-unescaped": "^4.0.3",
        "real-require": "^0.2.0",
        "safe-stable-stringify": "^2.3.1",
        "slow-redact": "^0.3.0",
        "sonic-boom": "^4.0.1",
        "thread-stream": "^3.0.0"
      },
      "bin": {
        "pino": "bin.js"
      }
    },
    "node_modules/pino-abstract-transport": {
      "version": "2.0.0",
      "resolved": "https://registry.npmjs.org/pino-abstract-transport/-/pino-abstract-transport-2.0.0.tgz",
      "integrity": "sha512-F63x5tizV6WCh4R6RHyi2Ml+M70DNRXt/+HANowMflpgGFMAym/VKm6G7ZOQRjqN7XbGxK1Lg9t6ZrtzOaivMw==",
      "license": "MIT",
      "dependencies": {
        "split2": "^4.0.0"
      }
    },
    "node_modules/pino-std-serializers": {
      "version": "7.1.0",
      "resolved": "https://registry.npmjs.org/pino-std-serializers/-/pino-std-serializers-7.1.0.tgz",
      "integrity": "sha512-BndPH67/JxGExRgiX1dX0w1FvZck5Wa4aal9198SrRhZjH3GxKQUKIBnYJTdj2HDN3UQAS06HlfcSbQj2OHmaw==",
      "license": "MIT"
    },
    "node_modules/process-warning": {
      "version": "5.0.0",
      "resolved": "https://registry.npmjs.org/process-warning/-/process-warning-5.0.0.tgz",
      "integrity": "sha512-a39t9ApHNx2L4+HBnQKqxxHNs1r7KF+Intd8Q/g1bUh6q0WIp9voPXJ/x0j+ZL45KF1pJd9+q2jLIRMfvEshkA==",
      "funding": [
        {
          "type": "github",
          "url": "https://github.com/sponsors/fastify"
        },
        {
          "type": "opencollective",
          "url": "https://opencollective.com/fastify"
        }
      ],
      "license": "MIT"
    },
    "node_modules/quick-format-unescaped": {
      "version": "4.0.4",
      "resolved": "https://registry.npmjs.org/quick-format-unescaped/-/quick-format-unescaped-4.0.4.tgz",
      "integrity": "sha512-tYC1Q1hgyRuHgloV/YXs2w15unPVh8qfu/qCTfhTYamaw7fyhumKa2yGpdSo87vY32rIclj+4fWYQXUMs9EHvg==",
      "license": "MIT"
    },
    "node_modules/radix3": {
      "version": "1.1.2",
      "resolved": "https://registry.npmjs.org/radix3/-/radix3-1.1.2.tgz",
      "integrity": "sha512-b484I/7b8rDEdSDKckSSBA8knMpcdsXudlE/LNL639wFoHKwLbEkQFZHWEYwDC0wa0FKUcCY+GAF73Z7wxNVFA==",
      "license": "MIT"
    },
    "node_modules/readdirp": {
      "version": "5.0.0",
      "resolved": "https://registry.npmjs.org/readdirp/-/readdirp-5.0.0.tgz",
      "integrity": "sha512-9u/XQ1pvrQtYyMpZe7DXKv2p5CNvyVwzUB6uhLAnQwHMSgKMBR62lc7AHljaeteeHXn11XTAaLLUVZYVZyuRBQ==",
      "license": "MIT",
      "engines": {
        "node": ">= 20.19.0"
      },
      "funding": {
        "type": "individual",
        "url": "https://paulmillr.com/funding/"
      }
    },
    "node_modules/real-require": {
      "version": "0.2.0",
      "resolved": "https://registry.npmjs.org/real-require/-/real-require-0.2.0.tgz",
      "integrity": "sha512-57frrGM/OCTLqLOAh0mhVA9VBMHd+9U7Zb2THMGdBUoZVOtGbJzjxsYGDJ3A9AYYCP4hn6y1TVbaOfzWtm5GFg==",
      "license": "MIT",
      "engines": {
        "node": ">= 12.13.0"
      }
    },
    "node_modules/safe-stable-stringify": {
      "version": "2.5.0",
      "resolved": "https://registry.npmjs.org/safe-stable-stringify/-/safe-stable-stringify-2.5.0.tgz",
      "integrity": "sha512-b3rppTKm9T+PsVCBEOUR46GWI7fdOs00VKZ1+9c1EWDaDMvjQc6tUwuFyIprgGgTcWoVHSKrU8H31ZHA2e0RHA==",
      "license": "MIT",
      "engines": {
        "node": ">=10"
      }
    },
    "node_modules/slow-redact": {
      "version": "0.3.2",
      "resolved": "https://registry.npmjs.org/slow-redact/-/slow-redact-0.3.2.tgz",
      "integrity": "sha512-MseHyi2+E/hBRqdOi5COy6wZ7j7DxXRz9NkseavNYSvvWC06D8a5cidVZX3tcG5eCW3NIyVU4zT63hw0Q486jw==",
      "license": "MIT"
    },
    "node_modules/sonic-boom": {
      "version": "4.2.1",
      "resolved": "https://registry.npmjs.org/sonic-boom/-/sonic-boom-4.2.1.tgz",
      "integrity": "sha512-w6AxtubXa2wTXAUsZMMWERrsIRAdrK0Sc+FUytWvYAhBJLyuI4llrMIC1DtlNSdI99EI86KZum2MMq3EAZlF9Q==",
      "license": "MIT",
      "dependencies": {
        "atomic-sleep": "^1.0.0"
      }
    },
    "node_modules/split2": {
      "version": "4.2.0",
      "resolved": "https://registry.npmjs.org/split2/-/split2-4.2.0.tgz",
      "integrity": "sha512-UcjcJOWknrNkF6PLX83qcHM6KHgVKNkV62Y8a5uYDVv9ydGQVwAHMKqHdJje1VTWpljG0WYpCDhrCdAOYH4TWg==",
      "license": "ISC",
      "engines": {
        "node": ">= 10.x"
      }
    },
    "node_modules/thread-stream": {
      "version": "3.2.0",
      "resolved": "https://registry.npmjs.org/thread-stream/-/thread-stream-3.2.0.tgz",
      "integrity": "sha512-zLBvqpwr4Esa0kRjcrzGU6zL25lePWaCLMx0RQFrmteozIfeNdaMLpG5U7PeHzvlFkAWaRKA9/KVW4F60iB+qw==",
      "license": "MIT",
      "dependencies": {
        "real-require": "^0.2.0"
      }
    },
    "node_modules/tslib": {
      "version": "1.14.1",
      "resolved": "https://registry.npmjs.org/tslib/-/tslib-1.14.1.tgz",
      "integrity": "sha512-Xni35NKzjgMrwevysHTCArtLDpPvye8zV/0E4EyYn43P7/7qvQwPh9BGkHewbMulVntbigmcT7rdX3BNo9wRJg==",
      "license": "0BSD"
    },
    "node_modules/ufo": {
      "version": "1.6.4",
      "resolved": "https://registry.npmjs.org/ufo/-/ufo-1.6.4.tgz",
      "integrity": "sha512-JFNbkD1Svwe0KvGi8GOeLcP4kAWQ609twvCdcHxq1oSL8svv39ZuSvajcD8B+5D0eL4+s1Is2D/O6KN3qcTeRA==",
      "license": "MIT"
    },
    "node_modules/uint8arrays": {
      "version": "3.1.1",
      "resolved": "https://registry.npmjs.org/uint8arrays/-/uint8arrays-3.1.1.tgz",
      "integrity": "sha512-+QJa8QRnbdXVpHYjLoTpJIdCTiw9Ir62nocClWuXIq2JIh4Uta0cQsTSpFL678p2CN8B+XSApwcU+pQEqVpKWg==",
      "license": "MIT",
      "dependencies": {
        "multiformats": "^9.4.2"
      }
    },
    "node_modules/uncrypto": {
      "version": "0.1.3",
      "resolved": "https://registry.npmjs.org/uncrypto/-/uncrypto-0.1.3.tgz",
      "integrity": "sha512-Ql87qFHB3s/De2ClA9e0gsnS6zXG27SkTiSJwjCc9MebbfapQfuPzumMIUMi38ezPZVNFcHI9sUIepeQfw8J8Q==",
      "license": "MIT"
    },
    "node_modules/viem": {
      "version": "2.54.6",
      "resolved": "https://registry.npmjs.org/viem/-/viem-2.54.6.tgz",
      "integrity": "sha512-OfybECKJYVmhiNqz+SHhed+O2h6niQ+0Wjg9J0b4bV+/QrvLgjxhfKO7hZqsuK1YtZ/0BErBKy708Zp+cU5T0Q==",
      "funding": [
        {
          "type": "github",
          "url": "https://github.com/sponsors/wevm"
        }
      ],
      "license": "MIT",
      "dependencies": {
        "@noble/curves": "1.9.1",
        "@noble/hashes": "1.8.0",
        "@scure/bip32": "1.7.0",
        "@scure/bip39": "1.6.0",
        "abitype": "1.2.3",
        "isows": "1.0.7",
        "ox": "0.14.30",
        "ws": "8.21.0"
      },
      "peerDependencies": {
        "typescript": ">=5.0.4"
      },
      "peerDependenciesMeta": {
        "typescript": {
          "optional": true
        }
      }
    },
    "node_modules/viem/node_modules/@noble/curves": {
      "version": "1.9.1",
      "resolved": "https://registry.npmjs.org/@noble/curves/-/curves-1.9.1.tgz",
      "integrity": "sha512-k11yZxZg+t+gWvBbIswW0yoJlu8cHOC7dhunwOzoWH/mXGBiYyR4YY6hAEK/3EUs4UpB8la1RfdRpeGsFHkWsA==",
      "license": "MIT",
      "dependencies": {
        "@noble/hashes": "1.8.0"
      },
      "engines": {
        "node": "^14.21.3 || >=16"
      },
      "funding": {
        "url": "https://paulmillr.com/funding/"
      }
    },
    "node_modules/viem/node_modules/@noble/hashes": {
      "version": "1.8.0",
      "resolved": "https://registry.npmjs.org/@noble/hashes/-/hashes-1.8.0.tgz",
      "integrity": "sha512-jCs9ldd7NwzpgXDIf6P3+NrHh9/sD6CQdxHyjQI+h/6rDNo88ypBxxz45UDuZHz9r3tNz7N/VInSVoVdtXEI4A==",
      "license": "MIT",
      "engines": {
        "node": "^14.21.3 || >=16"
      },
      "funding": {
        "url": "https://paulmillr.com/funding/"
      }
    },
    "node_modules/viem/node_modules/abitype": {
      "version": "1.2.3",
      "resolved": "https://registry.npmjs.org/abitype/-/abitype-1.2.3.tgz",
      "integrity": "sha512-Ofer5QUnuUdTFsBRwARMoWKOH1ND5ehwYhJ3OJ/BQO+StkwQjHw0XyVh4vDttzHB7QOFhPHa/o413PJ82gU/Tg==",
      "license": "MIT",
      "funding": {
        "url": "https://github.com/sponsors/wevm"
      },
      "peerDependencies": {
        "typescript": ">=5.0.4",
        "zod": "^3.22.0 || ^4.0.0"
      },
      "peerDependenciesMeta": {
        "typescript": {
          "optional": true
        },
        "zod": {
          "optional": true
        }
      }
    },
    "node_modules/viem/node_modules/ox": {
      "version": "0.14.30",
      "resolved": "https://registry.npmjs.org/ox/-/ox-0.14.30.tgz",
      "integrity": "sha512-LI11uu+8iiM1B3CLckgd++YF1a0A2k5wDoM9ZeQMiL21BOzQs6L//BLS6hb1HSEKCyycdDIQLsVQx9MjpcC0hA==",
      "funding": [
        {
          "type": "github",
          "url": "https://github.com/sponsors/wevm"
        }
      ],
      "license": "MIT",
      "dependencies": {
        "@adraffy/ens-normalize": "^1.11.0",
        "@noble/ciphers": "^1.3.0",
        "@noble/curves": "1.9.1",
        "@noble/hashes": "^1.8.0",
        "@scure/bip32": "^1.7.0",
        "@scure/bip39": "^1.6.0",
        "abitype": "^1.2.3",
        "eventemitter3": "5.0.1"
      },
      "peerDependencies": {
        "typescript": ">=5.4.0"
      },
      "peerDependenciesMeta": {
        "typescript": {
          "optional": true
        }
      }
    },
    "node_modules/viem/node_modules/ws": {
      "version": "8.21.0",
      "resolved": "https://registry.npmjs.org/ws/-/ws-8.21.0.tgz",
      "integrity": "sha512-Vsp28b7DRcimFQvrqu2Wek3z1iYxDCWqHYB8Qsnk/S4RfaCQzPGPyBNuVjJV3cd6UiKtUtp6sNM77gWvzcCH+g==",
      "license": "MIT",
      "engines": {
        "node": ">=10.0.0"
      },
      "peerDependencies": {
        "bufferutil": "^4.0.1",
        "utf-8-validate": ">=5.0.2"
      },
      "peerDependenciesMeta": {
        "bufferutil": {
          "optional": true
        },
        "utf-8-validate": {
          "optional": true
        }
      }
    },
    "node_modules/ws": {
      "version": "7.5.11",
      "resolved": "https://registry.npmjs.org/ws/-/ws-7.5.11.tgz",
      "integrity": "sha512-zS54Oen9bITtp7kp2XM3AydrCIq1D+HwJOuH+c+e4LfpL/lotP5osijd+UoMnxwAam1GN8R4KtLAyIrIcBNpiA==",
      "license": "MIT",
      "engines": {
        "node": ">=8.3.0"
      },
      "peerDependencies": {
        "bufferutil": "^4.0.1",
        "utf-8-validate": "^5.0.2"
      },
      "peerDependenciesMeta": {
        "bufferutil": {
          "optional": true
        },
        "utf-8-validate": {
          "optional": true
        }
      }
    }
  }
}
